
Microsoft Visual Studio Solution File, Format Version 12.00
# Visual Studio Version 17
VisualStudioVersion = 17.13.35617.110
MinimumVisualStudioVersion = 10.0.40219.1
Project("{2150E333-8FDC-42A3-9474-1A3956D46DE8}") = "src", "src", "{73F0F4CF-D3E2-4EA1-9DB8-5AB03DA30029}"
EndProject
Project("{2150E333-8FDC-42A3-9474-1A3956D46DE8}") = "samples", "samples", "{BF8D0A25-F0D3-4462-AEB1-96DE5C3F67D8}"
EndProject
Project("{FAE04EC0-301F-11D3-BF4B-00C04F79EFBC}") = "Fragile", "src\Fragile\Fragile.csproj", "{63FD06A0-2790-48A4-B9B0-EAE2FE6F6F29}"
EndProject
Project("{2150E333-8FDC-42A3-9474-1A3956D46DE8}") = "Beginner", "Beginner", "{02EA681E-C7D8-13C7-8484-4AC65E1B71E8}"
EndProject
Project("{2150E333-8FDC-42A3-9474-1A3956D46DE8}") = "Advanced", "Advanced", "{80E2AFC1-DB9F-446B-B47D-003B6EA70CE0}"
EndProject
Project("{2150E333-8FDC-42A3-9474-1A3956D46DE8}") = "Mastery", "Mastery", "{D558C219-A25A-483B-A3E3-7BCDF179920D}"
EndProject
Project("{2150E333-8FDC-42A3-9474-1A3956D46DE8}") = "tests", "tests", "{C47A48CC-1BB6-4786-96E7-F571D5EF2024}"
EndProject
Project("{2150E333-8FDC-42A3-9474-1A3956D46DE8}") = "benchmarks", "benchmarks", "{A368C7B6-76C4-4764-A4D9-9089DFF5C179}"
EndProject
Project("{FAE04EC0-301F-11D3-BF4B-00C04F79EFBC}") = "Fragile.Sample.Advanced.ArchiveSplitting", "samples\Advanced\Fragile.Sample.Advanced.ArchiveSplitting\Fragile.Sample.Advanced.ArchiveSplitting.csproj", "{06BBF729-42E1-992A-2508-4B9FCC99AD24}"
EndProject
Project("{FAE04EC0-301F-11D3-BF4B-00C04F79EFBC}") = "Fragile.Sample.Advanced.ErrorCorrection", "samples\Advanced\Fragile.Sample.Advanced.ErrorCorrection\Fragile.Sample.Advanced.ErrorCorrection.csproj", "{AEC6694E-14DB-F09B-E313-21D6961EAA15}"
EndProject
Project("{FAE04EC0-301F-11D3-BF4B-00C04F79EFBC}") = "Fragile.Sample.Advanced.ParallelProcessing", "samples\Advanced\Fragile.Sample.Advanced.ParallelProcessing\Fragile.Sample.Advanced.ParallelProcessing.csproj", "{F4B90C47-F39E-82D2-7DE6-DAFA6ABEFD9E}"
EndProject
Project("{FAE04EC0-301F-11D3-BF4B-00C04F79EFBC}") = "Fragile.Sample.Beginner.BasicArchiving", "samples\Beginner\Fragile.Sample.Beginner.BasicArchiving\Fragile.Sample.Beginner.BasicArchiving.csproj", "{0C3175C5-D498-1B01-7D3B-509826FB1478}"
EndProject
Project("{FAE04EC0-301F-11D3-BF4B-00C04F79EFBC}") = "Fragile.Sample.Beginner.Compression", "samples\Beginner\Fragile.Sample.Beginner.Compression\Fragile.Sample.Beginner.Compression.csproj", "{1D842BB0-E991-2245-913E-450B96471294}"
EndProject
Project("{FAE04EC0-301F-11D3-BF4B-00C04F79EFBC}") = "Fragile.Sample.Beginner.Encryption", "samples\Beginner\Fragile.Sample.Beginner.Encryption\Fragile.Sample.Beginner.Encryption.csproj", "{B4CC024D-7ABD-BBCA-07A7-C3B1F9E2227B}"
EndProject
Project("{FAE04EC0-301F-11D3-BF4B-00C04F79EFBC}") = "Fragile.Sample.Beginner.Metadata", "samples\Beginner\Fragile.Sample.Beginner.Metadata\Fragile.Sample.Beginner.Metadata.csproj", "{389CED99-F656-F24D-9DBA-A58E10003AA7}"
EndProject
Project("{FAE04EC0-301F-11D3-BF4B-00C04F79EFBC}") = "Fragile.Sample.Mastery.CompleteBackupSolution", "samples\Mastery\Fragile.Sample.Mastery.CompleteBackupSolution\Fragile.Sample.Mastery.CompleteBackupSolution.csproj", "{C7069751-7799-7C8F-E5FA-CA9FA596D447}"
EndProject
Project("{FAE04EC0-301F-11D3-BF4B-00C04F79EFBC}") = "Fragile.Sample.Mastery.SecureFileVault", "samples\Mastery\Fragile.Sample.Mastery.SecureFileVault\Fragile.Sample.Mastery.SecureFileVault.csproj", "{A69DB7ED-4A24-8081-4486-1960C0BC2099}"
EndProject
Global
	GlobalSection(SolutionConfigurationPlatforms) = preSolution
		Debug|Any CPU = Debug|Any CPU
		Debug|x64 = Debug|x64
		Debug|x86 = Debug|x86
		Release|Any CPU = Release|Any CPU
		Release|x64 = Release|x64
		Release|x86 = Release|x86
	EndGlobalSection
	GlobalSection(ProjectConfigurationPlatforms) = postSolution
		{63FD06A0-2790-48A4-B9B0-EAE2FE6F6F29}.Debug|Any CPU.ActiveCfg = Debug|Any CPU
		{63FD06A0-2790-48A4-B9B0-EAE2FE6F6F29}.Debug|Any CPU.Build.0 = Debug|Any CPU
		{63FD06A0-2790-48A4-B9B0-EAE2FE6F6F29}.Debug|x64.ActiveCfg = Debug|Any CPU
		{63FD06A0-2790-48A4-B9B0-EAE2FE6F6F29}.Debug|x64.Build.0 = Debug|Any CPU
		{63FD06A0-2790-48A4-B9B0-EAE2FE6F6F29}.Debug|x86.ActiveCfg = Debug|Any CPU
		{63FD06A0-2790-48A4-B9B0-EAE2FE6F6F29}.Debug|x86.Build.0 = Debug|Any CPU
		{63FD06A0-2790-48A4-B9B0-EAE2FE6F6F29}.Release|Any CPU.ActiveCfg = Release|Any CPU
		{63FD06A0-2790-48A4-B9B0-EAE2FE6F6F29}.Release|Any CPU.Build.0 = Release|Any CPU
		{63FD06A0-2790-48A4-B9B0-EAE2FE6F6F29}.Release|x64.ActiveCfg = Release|Any CPU
		{63FD06A0-2790-48A4-B9B0-EAE2FE6F6F29}.Release|x64.Build.0 = Release|Any CPU
		{63FD06A0-2790-48A4-B9B0-EAE2FE6F6F29}.Release|x86.ActiveCfg = Release|Any CPU
		{63FD06A0-2790-48A4-B9B0-EAE2FE6F6F29}.Release|x86.Build.0 = Release|Any CPU
		{06BBF729-42E1-992A-2508-4B9FCC99AD24}.Debug|Any CPU.ActiveCfg = Debug|Any CPU
		{06BBF729-42E1-992A-2508-4B9FCC99AD24}.Debug|Any CPU.Build.0 = Debug|Any CPU
		{06BBF729-42E1-992A-2508-4B9FCC99AD24}.Debug|x64.ActiveCfg = Debug|Any CPU
		{06BBF729-42E1-992A-2508-4B9FCC99AD24}.Debug|x64.Build.0 = Debug|Any CPU
		{06BBF729-42E1-992A-2508-4B9FCC99AD24}.Debug|x86.ActiveCfg = Debug|Any CPU
		{06BBF729-42E1-992A-2508-4B9FCC99AD24}.Debug|x86.Build.0 = Debug|Any CPU
		{06BBF729-42E1-992A-2508-4B9FCC99AD24}.Release|Any CPU.ActiveCfg = Release|Any CPU
		{06BBF729-42E1-992A-2508-4B9FCC99AD24}.Release|Any CPU.Build.0 = Release|Any CPU
		{06BBF729-42E1-992A-2508-4B9FCC99AD24}.Release|x64.ActiveCfg = Release|Any CPU
		{06BBF729-42E1-992A-2508-4B9FCC99AD24}.Release|x64.Build.0 = Release|Any CPU
		{06BBF729-42E1-992A-2508-4B9FCC99AD24}.Release|x86.ActiveCfg = Release|Any CPU
		{06BBF729-42E1-992A-2508-4B9FCC99AD24}.Release|x86.Build.0 = Release|Any CPU
		{AEC6694E-14DB-F09B-E313-21D6961EAA15}.Debug|Any CPU.ActiveCfg = Debug|Any CPU
		{AEC6694E-14DB-F09B-E313-21D6961EAA15}.Debug|Any CPU.Build.0 = Debug|Any CPU
		{AEC6694E-14DB-F09B-E313-21D6961EAA15}.Debug|x64.ActiveCfg = Debug|Any CPU
		{AEC6694E-14DB-F09B-E313-21D6961EAA15}.Debug|x64.Build.0 = Debug|Any CPU
		{AEC6694E-14DB-F09B-E313-21D6961EAA15}.Debug|x86.ActiveCfg = Debug|Any CPU
		{AEC6694E-14DB-F09B-E313-21D6961EAA15}.Debug|x86.Build.0 = Debug|Any CPU
		{AEC6694E-14DB-F09B-E313-21D6961EAA15}.Release|Any CPU.ActiveCfg = Release|Any CPU
		{AEC6694E-14DB-F09B-E313-21D6961EAA15}.Release|Any CPU.Build.0 = Release|Any CPU
		{AEC6694E-14DB-F09B-E313-21D6961EAA15}.Release|x64.ActiveCfg = Release|Any CPU
		{AEC6694E-14DB-F09B-E313-21D6961EAA15}.Release|x64.Build.0 = Release|Any CPU
		{AEC6694E-14DB-F09B-E313-21D6961EAA15}.Release|x86.ActiveCfg = Release|Any CPU
		{AEC6694E-14DB-F09B-E313-21D6961EAA15}.Release|x86.Build.0 = Release|Any CPU
		{F4B90C47-F39E-82D2-7DE6-DAFA6ABEFD9E}.Debug|Any CPU.ActiveCfg = Debug|Any CPU
		{F4B90C47-F39E-82D2-7DE6-DAFA6ABEFD9E}.Debug|Any CPU.Build.0 = Debug|Any CPU
		{F4B90C47-F39E-82D2-7DE6-DAFA6ABEFD9E}.Debug|x64.ActiveCfg = Debug|Any CPU
		{F4B90C47-F39E-82D2-7DE6-DAFA6ABEFD9E}.Debug|x64.Build.0 = Debug|Any CPU
		{F4B90C47-F39E-82D2-7DE6-DAFA6ABEFD9E}.Debug|x86.ActiveCfg = Debug|Any CPU
		{F4B90C47-F39E-82D2-7DE6-DAFA6ABEFD9E}.Debug|x86.Build.0 = Debug|Any CPU
		{F4B90C47-F39E-82D2-7DE6-DAFA6ABEFD9E}.Release|Any CPU.ActiveCfg = Release|Any CPU
		{F4B90C47-F39E-82D2-7DE6-DAFA6ABEFD9E}.Release|Any CPU.Build.0 = Release|Any CPU
		{F4B90C47-F39E-82D2-7DE6-DAFA6ABEFD9E}.Release|x64.ActiveCfg = Release|Any CPU
		{F4B90C47-F39E-82D2-7DE6-DAFA6ABEFD9E}.Release|x64.Build.0 = Release|Any CPU
		{F4B90C47-F39E-82D2-7DE6-DAFA6ABEFD9E}.Release|x86.ActiveCfg = Release|Any CPU
		{F4B90C47-F39E-82D2-7DE6-DAFA6ABEFD9E}.Release|x86.Build.0 = Release|Any CPU
		{0C3175C5-D498-1B01-7D3B-509826FB1478}.Debug|Any CPU.ActiveCfg = Debug|Any CPU
		{0C3175C5-D498-1B01-7D3B-509826FB1478}.Debug|Any CPU.Build.0 = Debug|Any CPU
		{0C3175C5-D498-1B01-7D3B-509826FB1478}.Debug|x64.ActiveCfg = Debug|Any CPU
		{0C3175C5-D498-1B01-7D3B-509826FB1478}.Debug|x64.Build.0 = Debug|Any CPU
		{0C3175C5-D498-1B01-7D3B-509826FB1478}.Debug|x86.ActiveCfg = Debug|Any CPU
		{0C3175C5-D498-1B01-7D3B-509826FB1478}.Debug|x86.Build.0 = Debug|Any CPU
		{0C3175C5-D498-1B01-7D3B-509826FB1478}.Release|Any CPU.ActiveCfg = Release|Any CPU
		{0C3175C5-D498-1B01-7D3B-509826FB1478}.Release|Any CPU.Build.0 = Release|Any CPU
		{0C3175C5-D498-1B01-7D3B-509826FB1478}.Release|x64.ActiveCfg = Release|Any CPU
		{0C3175C5-D498-1B01-7D3B-509826FB1478}.Release|x64.Build.0 = Release|Any CPU
		{0C3175C5-D498-1B01-7D3B-509826FB1478}.Release|x86.ActiveCfg = Release|Any CPU
		{0C3175C5-D498-1B01-7D3B-509826FB1478}.Release|x86.Build.0 = Release|Any CPU
		{1D842BB0-E991-2245-913E-450B96471294}.Debug|Any CPU.ActiveCfg = Debug|Any CPU
		{1D842BB0-E991-2245-913E-450B96471294}.Debug|Any CPU.Build.0 = Debug|Any CPU
		{1D842BB0-E991-2245-913E-450B96471294}.Debug|x64.ActiveCfg = Debug|Any CPU
		{1D842BB0-E991-2245-913E-450B96471294}.Debug|x64.Build.0 = Debug|Any CPU
		{1D842BB0-E991-2245-913E-450B96471294}.Debug|x86.ActiveCfg = Debug|Any CPU
		{1D842BB0-E991-2245-913E-450B96471294}.Debug|x86.Build.0 = Debug|Any CPU
		{1D842BB0-E991-2245-913E-450B96471294}.Release|Any CPU.ActiveCfg = Release|Any CPU
		{1D842BB0-E991-2245-913E-450B96471294}.Release|Any CPU.Build.0 = Release|Any CPU
		{1D842BB0-E991-2245-913E-450B96471294}.Release|x64.ActiveCfg = Release|Any CPU
		{1D842BB0-E991-2245-913E-450B96471294}.Release|x64.Build.0 = Release|Any CPU
		{1D842BB0-E991-2245-913E-450B96471294}.Release|x86.ActiveCfg = Release|Any CPU
		{1D842BB0-E991-2245-913E-450B96471294}.Release|x86.Build.0 = Release|Any CPU
		{B4CC024D-7ABD-BBCA-07A7-C3B1F9E2227B}.Debug|Any CPU.ActiveCfg = Debug|Any CPU
		{B4CC024D-7ABD-BBCA-07A7-C3B1F9E2227B}.Debug|Any CPU.Build.0 = Debug|Any CPU
		{B4CC024D-7ABD-BBCA-07A7-C3B1F9E2227B}.Debug|x64.ActiveCfg = Debug|Any CPU
		{B4CC024D-7ABD-BBCA-07A7-C3B1F9E2227B}.Debug|x64.Build.0 = Debug|Any CPU
		{B4CC024D-7ABD-BBCA-07A7-C3B1F9E2227B}.Debug|x86.ActiveCfg = Debug|Any CPU
		{B4CC024D-7ABD-BBCA-07A7-C3B1F9E2227B}.Debug|x86.Build.0 = Debug|Any CPU
		{B4CC024D-7ABD-BBCA-07A7-C3B1F9E2227B}.Release|Any CPU.ActiveCfg = Release|Any CPU
		{B4CC024D-7ABD-BBCA-07A7-C3B1F9E2227B}.Release|Any CPU.Build.0 = Release|Any CPU
		{B4CC024D-7ABD-BBCA-07A7-C3B1F9E2227B}.Release|x64.ActiveCfg = Release|Any CPU
		{B4CC024D-7ABD-BBCA-07A7-C3B1F9E2227B}.Release|x64.Build.0 = Release|Any CPU
		{B4CC024D-7ABD-BBCA-07A7-C3B1F9E2227B}.Release|x86.ActiveCfg = Release|Any CPU
		{B4CC024D-7ABD-BBCA-07A7-C3B1F9E2227B}.Release|x86.Build.0 = Release|Any CPU
		{389CED99-F656-F24D-9DBA-A58E10003AA7}.Debug|Any CPU.ActiveCfg = Debug|Any CPU
		{389CED99-F656-F24D-9DBA-A58E10003AA7}.Debug|Any CPU.Build.0 = Debug|Any CPU
		{389CED99-F656-F24D-9DBA-A58E10003AA7}.Debug|x64.ActiveCfg = Debug|Any CPU
		{389CED99-F656-F24D-9DBA-A58E10003AA7}.Debug|x64.Build.0 = Debug|Any CPU
		{389CED99-F656-F24D-9DBA-A58E10003AA7}.Debug|x86.ActiveCfg = Debug|Any CPU
		{389CED99-F656-F24D-9DBA-A58E10003AA7}.Debug|x86.Build.0 = Debug|Any CPU
		{389CED99-F656-F24D-9DBA-A58E10003AA7}.Release|Any CPU.ActiveCfg = Release|Any CPU
		{389CED99-F656-F24D-9DBA-A58E10003AA7}.Release|Any CPU.Build.0 = Release|Any CPU
		{389CED99-F656-F24D-9DBA-A58E10003AA7}.Release|x64.ActiveCfg = Release|Any CPU
		{389CED99-F656-F24D-9DBA-A58E10003AA7}.Release|x64.Build.0 = Release|Any CPU
		{389CED99-F656-F24D-9DBA-A58E10003AA7}.Release|x86.ActiveCfg = Release|Any CPU
		{389CED99-F656-F24D-9DBA-A58E10003AA7}.Release|x86.Build.0 = Release|Any CPU
		{C7069751-7799-7C8F-E5FA-CA9FA596D447}.Debug|Any CPU.ActiveCfg = Debug|Any CPU
		{C7069751-7799-7C8F-E5FA-CA9FA596D447}.Debug|Any CPU.Build.0 = Debug|Any CPU
		{C7069751-7799-7C8F-E5FA-CA9FA596D447}.Debug|x64.ActiveCfg = Debug|Any CPU
		{C7069751-7799-7C8F-E5FA-CA9FA596D447}.Debug|x64.Build.0 = Debug|Any CPU
		{C7069751-7799-7C8F-E5FA-CA9FA596D447}.Debug|x86.ActiveCfg = Debug|Any CPU
		{C7069751-7799-7C8F-E5FA-CA9FA596D447}.Debug|x86.Build.0 = Debug|Any CPU
		{C7069751-7799-7C8F-E5FA-CA9FA596D447}.Release|Any CPU.ActiveCfg = Release|Any CPU
		{C7069751-7799-7C8F-E5FA-CA9FA596D447}.Release|Any CPU.Build.0 = Release|Any CPU
		{C7069751-7799-7C8F-E5FA-CA9FA596D447}.Release|x64.ActiveCfg = Release|Any CPU
		{C7069751-7799-7C8F-E5FA-CA9FA596D447}.Release|x64.Build.0 = Release|Any CPU
		{C7069751-7799-7C8F-E5FA-CA9FA596D447}.Release|x86.ActiveCfg = Release|Any CPU
		{C7069751-7799-7C8F-E5FA-CA9FA596D447}.Release|x86.Build.0 = Release|Any CPU
		{A69DB7ED-4A24-8081-4486-1960C0BC2099}.Debug|Any CPU.ActiveCfg = Debug|Any CPU
		{A69DB7ED-4A24-8081-4486-1960C0BC2099}.Debug|Any CPU.Build.0 = Debug|Any CPU
		{A69DB7ED-4A24-8081-4486-1960C0BC2099}.Debug|x64.ActiveCfg = Debug|Any CPU
		{A69DB7ED-4A24-8081-4486-1960C0BC2099}.Debug|x64.Build.0 = Debug|Any CPU
		{A69DB7ED-4A24-8081-4486-1960C0BC2099}.Debug|x86.ActiveCfg = Debug|Any CPU
		{A69DB7ED-4A24-8081-4486-1960C0BC2099}.Debug|x86.Build.0 = Debug|Any CPU
		{A69DB7ED-4A24-8081-4486-1960C0BC2099}.Release|Any CPU.ActiveCfg = Release|Any CPU
		{A69DB7ED-4A24-8081-4486-1960C0BC2099}.Release|Any CPU.Build.0 = Release|Any CPU
		{A69DB7ED-4A24-8081-4486-1960C0BC2099}.Release|x64.ActiveCfg = Release|Any CPU
		{A69DB7ED-4A24-8081-4486-1960C0BC2099}.Release|x64.Build.0 = Release|Any CPU
		{A69DB7ED-4A24-8081-4486-1960C0BC2099}.Release|x86.ActiveCfg = Release|Any CPU
		{A69DB7ED-4A24-8081-4486-1960C0BC2099}.Release|x86.Build.0 = Release|Any CPU
	EndGlobalSection
	GlobalSection(SolutionProperties) = preSolution
		HideSolutionNode = FALSE
	EndGlobalSection
	GlobalSection(NestedProjects) = preSolution
		{63FD06A0-2790-48A4-B9B0-EAE2FE6F6F29} = {73F0F4CF-D3E2-4EA1-9DB8-5AB03DA30029}
		{02EA681E-C7D8-13C7-8484-4AC65E1B71E8} = {BF8D0A25-F0D3-4462-AEB1-96DE5C3F67D8}
		{80E2AFC1-DB9F-446B-B47D-003B6EA70CE0} = {BF8D0A25-F0D3-4462-AEB1-96DE5C3F67D8}
		{D558C219-A25A-483B-A3E3-7BCDF179920D} = {BF8D0A25-F0D3-4462-AEB1-96DE5C3F67D8}
		{06BBF729-42E1-992A-2508-4B9FCC99AD24} = {80E2AFC1-DB9F-446B-B47D-003B6EA70CE0}
		{AEC6694E-14DB-F09B-E313-21D6961EAA15} = {80E2AFC1-DB9F-446B-B47D-003B6EA70CE0}
		{F4B90C47-F39E-82D2-7DE6-DAFA6ABEFD9E} = {80E2AFC1-DB9F-446B-B47D-003B6EA70CE0}
		{0C3175C5-D498-1B01-7D3B-509826FB1478} = {02EA681E-C7D8-13C7-8484-4AC65E1B71E8}
		{1D842BB0-E991-2245-913E-450B96471294} = {02EA681E-C7D8-13C7-8484-4AC65E1B71E8}
		{B4CC024D-7ABD-BBCA-07A7-C3B1F9E2227B} = {02EA681E-C7D8-13C7-8484-4AC65E1B71E8}
		{389CED99-F656-F24D-9DBA-A58E10003AA7} = {02EA681E-C7D8-13C7-8484-4AC65E1B71E8}
		{C7069751-7799-7C8F-E5FA-CA9FA596D447} = {D558C219-A25A-483B-A3E3-7BCDF179920D}
		{A69DB7ED-4A24-8081-4486-1960C0BC2099} = {D558C219-A25A-483B-A3E3-7BCDF179920D}
	EndGlobalSection
	GlobalSection(ExtensibilityGlobals) = postSolution
		SolutionGuid = {A8859853-9C96-43CF-9E18-538023141544}
	EndGlobalSection
EndGlobal
