
Microsoft Visual Studio Solution File, Format Version 12.00
# Visual Studio Version 17
VisualStudioVersion = 17.13.35617.110
MinimumVisualStudioVersion = 10.0.40219.1
Project("{2150E333-8FDC-42A3-9474-1A3956D46DE8}") = "src", "src", "{73F0F4CF-D3E2-4EA1-9DB8-5AB03DA30029}"
EndProject
Project("{2150E333-8FDC-42A3-9474-1A3956D46DE8}") = "samples", "samples", "{BF8D0A25-F0D3-4462-AEB1-96DE5C3F67D8}"
EndProject
Project("{FAE04EC0-301F-11D3-BF4B-00C04F79EFBC}") = "Fragile", "src\Fragile\Fragile.csproj", "{63FD06A0-2790-48A4-B9B0-EAE2FE6F6F29}"
EndProject
Project("{2150E333-8FDC-42A3-9474-1A3956D46DE8}") = "Beginner", "Beginner", "{02EA681E-C7D8-13C7-8484-4AC65E1B71E8}"
EndProject
Project("{2150E333-8FDC-42A3-9474-1A3956D46DE8}") = "Advanced", "Advanced", "{80E2AFC1-DB9F-446B-B47D-003B6EA70CE0}"
EndProject
Project("{2150E333-8FDC-42A3-9474-1A3956D46DE8}") = "Mastery", "Mastery", "{D558C219-A25A-483B-A3E3-7BCDF179920D}"
EndProject
Project("{2150E333-8FDC-42A3-9474-1A3956D46DE8}") = "tests", "tests", "{C47A48CC-1BB6-4786-96E7-F571D5EF2024}"
EndProject
Project("{2150E333-8FDC-42A3-9474-1A3956D46DE8}") = "benchmarks", "benchmarks", "{A368C7B6-76C4-4764-A4D9-9089DFF5C179}"
EndProject
Project("{FAE04EC0-301F-11D3-BF4B-00C04F79EFBC}") = "Fragile.Sample.Advanced.ArchiveSplitting", "samples\Advanced\Fragile.Sample.Advanced.ArchiveSplitting\Fragile.Sample.Advanced.ArchiveSplitting.csproj", "{06BBF729-42E1-992A-2508-4B9FCC99AD24}"
EndProject
Project("{FAE04EC0-301F-11D3-BF4B-00C04F79EFBC}") = "Fragile.Sample.Advanced.ErrorCorrection", "samples\Advanced\Fragile.Sample.Advanced.ErrorCorrection\Fragile.Sample.Advanced.ErrorCorrection.csproj", "{AEC6694E-14DB-F09B-E313-21D6961EAA15}"
EndProject
Project("{FAE04EC0-301F-11D3-BF4B-00C04F79EFBC}") = "Fragile.Sample.Advanced.ParallelProcessing", "samples\Advanced\Fragile.Sample.Advanced.ParallelProcessing\Fragile.Sample.Advanced.ParallelProcessing.csproj", "{F4B90C47-F39E-82D2-7DE6-DAFA6ABEFD9E}"
EndProject
Project("{FAE04EC0-301F-11D3-BF4B-00C04F79EFBC}") = "Fragile.Sample.Beginner.BasicArchiving", "samples\Beginner\Fragile.Sample.Beginner.BasicArchiving\Fragile.Sample.Beginner.BasicArchiving.csproj", "{0C3175C5-D498-1B01-7D3B-509826FB1478}"
EndProject
Project("{FAE04EC0-301F-11D3-BF4B-00C04F79EFBC}") = "Fragile.Sample.Beginner.Compression", "samples\Beginner\Fragile.Sample.Beginner.Compression\Fragile.Sample.Beginner.Compression.csproj", "{1D842BB0-E991-2245-913E-450B96471294}"
EndProject
Project("{FAE04EC0-301F-11D3-BF4B-00C04F79EFBC}") = "Fragile.Sample.Beginner.Encryption", "samples\Beginner\Fragile.Sample.Beginner.Encryption\Fragile.Sample.Beginner.Encryption.csproj", "{B4CC024D-7ABD-BBCA-07A7-C3B1F9E2227B}"
EndProject
Project("{FAE04EC0-301F-11D3-BF4B-00C04F79EFBC}") = "Fragile.Sample.Beginner.Metadata", "samples\Beginner\Fragile.Sample.Beginner.Metadata\Fragile.Sample.Beginner.Metadata.csproj", "{389CED99-F656-F24D-9DBA-A58E10003AA7}"
EndProject
Project("{FAE04EC0-301F-11D3-BF4B-00C04F79EFBC}") = "Fragile.Sample.Mastery.CompleteBackupSolution", "samples\Mastery\Fragile.Sample.Mastery.CompleteBackupSolution\Fragile.Sample.Mastery.CompleteBackupSolution.csproj", "{C7069751-7799-7C8F-E5FA-CA9FA596D447}"
EndProject
Project("{FAE04EC0-301F-11D3-BF4B-00C04F79EFBC}") = "Fragile.Sample.Mastery.SecureFileVault", "samples\Mastery\Fragile.Sample.Mastery.SecureFileVault\Fragile.Sample.Mastery.SecureFileVault.csproj", "{A69DB7ED-4A24-8081-4486-1960C0BC2099}"
EndProject
Project("{2150E333-8FDC-42A3-9474-1A3956D46DE8}") = "Basic", "Basic", "{A47B5D62-C6DB-4607-BAF4-A7EF35A97321}"
EndProject
Project("{2150E333-8FDC-42A3-9474-1A3956D46DE8}") = "Solution Items", "Solution Items", "{AC80F682-3D55-C8F8-4895-A4A9EDD49434}"
	ProjectSection(SolutionItems) = preProject
		.editorconfig = .editorconfig
		global.json = global.json
		NuGet.Config = NuGet.Config
	EndProjectSection
EndProject
Project("{FAE04EC0-301F-11D3-BF4B-00C04F79EFBC}") = "Fragile.Sample.Basic.Add", "samples\Basic\Fragile.Sample.Basic.Add\Fragile.Sample.Basic.Add.csproj", "{87E1E7C2-D8D0-A747-C0CA-1E3E7590BB2D}"
EndProject
Project("{FAE04EC0-301F-11D3-BF4B-00C04F79EFBC}") = "Fragile.Sample.Basic.Combine", "samples\Basic\Fragile.Sample.Basic.Combine\Fragile.Sample.Basic.Combine.csproj", "{93A2B10C-43A2-93E5-C9BC-697AAAAD514D}"
EndProject
Project("{FAE04EC0-301F-11D3-BF4B-00C04F79EFBC}") = "Fragile.Sample.Basic.Create", "samples\Basic\Fragile.Sample.Basic.Create\Fragile.Sample.Basic.Create.csproj", "{BA5D2DC6-B5C5-74F2-7960-33DAF45AF566}"
EndProject
Project("{FAE04EC0-301F-11D3-BF4B-00C04F79EFBC}") = "Fragile.Sample.Basic.Decompression", "samples\Basic\Fragile.Sample.Basic.Decompression\Fragile.Sample.Basic.Decompression.csproj", "{8328F392-24D7-F9A4-DD40-AA35279CC7B6}"
EndProject
Project("{FAE04EC0-301F-11D3-BF4B-00C04F79EFBC}") = "Fragile.Sample.Basic.Compression", "samples\Basic\Fragile.Sample.Basic.Compression\Fragile.Sample.Basic.Compression.csproj", "{84DF2188-9186-9BEF-D5BF-41F91E8A35E9}"
EndProject
Project("{FAE04EC0-301F-11D3-BF4B-00C04F79EFBC}") = "Fragile.Sample.Basic.Decryption", "samples\Basic\Fragile.Sample.Basic.Decryption\Fragile.Sample.Basic.Decryption.csproj", "{0AF10AC5-97F7-3592-556D-8E0706DE2F83}"
EndProject
Project("{FAE04EC0-301F-11D3-BF4B-00C04F79EFBC}") = "Fragile.Sample.Basic.Delete", "samples\Basic\Fragile.Sample.Basic.Delete\Fragile.Sample.Basic.Delete.csproj", "{59CF6E7C-8055-2DD1-54B2-B387247DA142}"
EndProject
Project("{FAE04EC0-301F-11D3-BF4B-00C04F79EFBC}") = "Fragile.Sample.Basic.Encryption", "samples\Basic\Fragile.Sample.Basic.Encryption\Fragile.Sample.Basic.Encryption.csproj", "{C60DAD55-6F13-3540-1044-E264CDCDA6F9}"
EndProject
Project("{FAE04EC0-301F-11D3-BF4B-00C04F79EFBC}") = "Fragile.Sample.Basic.Extract", "samples\Basic\Fragile.Sample.Basic.Extract\Fragile.Sample.Basic.Extract.csproj", "{B63DAAAC-8CCB-8567-EC9A-8A1FD9A10A23}"
EndProject
Project("{FAE04EC0-301F-11D3-BF4B-00C04F79EFBC}") = "Fragile.Sample.Basic.ExtractAll", "samples\Basic\Fragile.Sample.Basic.ExtractAll\Fragile.Sample.Basic.ExtractAll.csproj", "{346FD878-A66B-EDE7-5879-B9E691832A7B}"
EndProject
Project("{FAE04EC0-301F-11D3-BF4B-00C04F79EFBC}") = "Fragile.Sample.Basic.Is", "samples\Basic\Fragile.Sample.Basic.Is\Fragile.Sample.Basic.Is.csproj", "{07777CCA-CBB3-2B5C-5824-F9A22797FEA5}"
EndProject
Project("{FAE04EC0-301F-11D3-BF4B-00C04F79EFBC}") = "Fragile.Sample.Basic.Metadata", "samples\Basic\Fragile.Sample.Basic.Metadata\Fragile.Sample.Basic.Metadata.csproj", "{C70049D4-9382-EC65-6EAE-40FCA1103A58}"
EndProject
Project("{FAE04EC0-301F-11D3-BF4B-00C04F79EFBC}") = "Fragile.Sample.Basic.Open", "samples\Basic\Fragile.Sample.Basic.Open\Fragile.Sample.Basic.Open.csproj", "{8D0DF87B-8E7A-C3B9-3F34-FCB5614E7F22}"
EndProject
Project("{FAE04EC0-301F-11D3-BF4B-00C04F79EFBC}") = "Fragile.Sample.Basic.Split", "samples\Basic\Fragile.Sample.Basic.Split\Fragile.Sample.Basic.Split.csproj", "{80D207A9-77CF-4EB1-4AB2-85FB2C718620}"
EndProject
Project("{FAE04EC0-301F-11D3-BF4B-00C04F79EFBC}") = "Fragile.Sample.Basic.Update", "samples\Basic\Fragile.Sample.Basic.Update\Fragile.Sample.Basic.Update.csproj", "{775C333C-9297-353B-9AC3-EBC56F3DB13A}"
EndProject
Project("{FAE04EC0-301F-11D3-BF4B-00C04F79EFBC}") = "Fragile.Sample.Basic.Verification", "samples\Basic\Fragile.Sample.Basic.Verification\Fragile.Sample.Basic.Verification.csproj", "{83937357-2B72-805E-702E-FDEE4B7BFA4A}"
EndProject
Global
	GlobalSection(SolutionConfigurationPlatforms) = preSolution
		Debug|Any CPU = Debug|Any CPU
		Debug|x64 = Debug|x64
		Debug|x86 = Debug|x86
		Release|Any CPU = Release|Any CPU
		Release|x64 = Release|x64
		Release|x86 = Release|x86
	EndGlobalSection
	GlobalSection(ProjectConfigurationPlatforms) = postSolution
		{63FD06A0-2790-48A4-B9B0-EAE2FE6F6F29}.Debug|Any CPU.ActiveCfg = Debug|Any CPU
		{63FD06A0-2790-48A4-B9B0-EAE2FE6F6F29}.Debug|Any CPU.Build.0 = Debug|Any CPU
		{63FD06A0-2790-48A4-B9B0-EAE2FE6F6F29}.Debug|x64.ActiveCfg = Debug|Any CPU
		{63FD06A0-2790-48A4-B9B0-EAE2FE6F6F29}.Debug|x64.Build.0 = Debug|Any CPU
		{63FD06A0-2790-48A4-B9B0-EAE2FE6F6F29}.Debug|x86.ActiveCfg = Debug|Any CPU
		{63FD06A0-2790-48A4-B9B0-EAE2FE6F6F29}.Debug|x86.Build.0 = Debug|Any CPU
		{63FD06A0-2790-48A4-B9B0-EAE2FE6F6F29}.Release|Any CPU.ActiveCfg = Release|Any CPU
		{63FD06A0-2790-48A4-B9B0-EAE2FE6F6F29}.Release|Any CPU.Build.0 = Release|Any CPU
		{63FD06A0-2790-48A4-B9B0-EAE2FE6F6F29}.Release|x64.ActiveCfg = Release|Any CPU
		{63FD06A0-2790-48A4-B9B0-EAE2FE6F6F29}.Release|x64.Build.0 = Release|Any CPU
		{63FD06A0-2790-48A4-B9B0-EAE2FE6F6F29}.Release|x86.ActiveCfg = Release|Any CPU
		{63FD06A0-2790-48A4-B9B0-EAE2FE6F6F29}.Release|x86.Build.0 = Release|Any CPU
		{06BBF729-42E1-992A-2508-4B9FCC99AD24}.Debug|Any CPU.ActiveCfg = Debug|Any CPU
		{06BBF729-42E1-992A-2508-4B9FCC99AD24}.Debug|Any CPU.Build.0 = Debug|Any CPU
		{06BBF729-42E1-992A-2508-4B9FCC99AD24}.Debug|x64.ActiveCfg = Debug|Any CPU
		{06BBF729-42E1-992A-2508-4B9FCC99AD24}.Debug|x64.Build.0 = Debug|Any CPU
		{06BBF729-42E1-992A-2508-4B9FCC99AD24}.Debug|x86.ActiveCfg = Debug|Any CPU
		{06BBF729-42E1-992A-2508-4B9FCC99AD24}.Debug|x86.Build.0 = Debug|Any CPU
		{06BBF729-42E1-992A-2508-4B9FCC99AD24}.Release|Any CPU.ActiveCfg = Release|Any CPU
		{06BBF729-42E1-992A-2508-4B9FCC99AD24}.Release|Any CPU.Build.0 = Release|Any CPU
		{06BBF729-42E1-992A-2508-4B9FCC99AD24}.Release|x64.ActiveCfg = Release|Any CPU
		{06BBF729-42E1-992A-2508-4B9FCC99AD24}.Release|x64.Build.0 = Release|Any CPU
		{06BBF729-42E1-992A-2508-4B9FCC99AD24}.Release|x86.ActiveCfg = Release|Any CPU
		{06BBF729-42E1-992A-2508-4B9FCC99AD24}.Release|x86.Build.0 = Release|Any CPU
		{AEC6694E-14DB-F09B-E313-21D6961EAA15}.Debug|Any CPU.ActiveCfg = Debug|Any CPU
		{AEC6694E-14DB-F09B-E313-21D6961EAA15}.Debug|Any CPU.Build.0 = Debug|Any CPU
		{AEC6694E-14DB-F09B-E313-21D6961EAA15}.Debug|x64.ActiveCfg = Debug|Any CPU
		{AEC6694E-14DB-F09B-E313-21D6961EAA15}.Debug|x64.Build.0 = Debug|Any CPU
		{AEC6694E-14DB-F09B-E313-21D6961EAA15}.Debug|x86.ActiveCfg = Debug|Any CPU
		{AEC6694E-14DB-F09B-E313-21D6961EAA15}.Debug|x86.Build.0 = Debug|Any CPU
		{AEC6694E-14DB-F09B-E313-21D6961EAA15}.Release|Any CPU.ActiveCfg = Release|Any CPU
		{AEC6694E-14DB-F09B-E313-21D6961EAA15}.Release|Any CPU.Build.0 = Release|Any CPU
		{AEC6694E-14DB-F09B-E313-21D6961EAA15}.Release|x64.ActiveCfg = Release|Any CPU
		{AEC6694E-14DB-F09B-E313-21D6961EAA15}.Release|x64.Build.0 = Release|Any CPU
		{AEC6694E-14DB-F09B-E313-21D6961EAA15}.Release|x86.ActiveCfg = Release|Any CPU
		{AEC6694E-14DB-F09B-E313-21D6961EAA15}.Release|x86.Build.0 = Release|Any CPU
		{F4B90C47-F39E-82D2-7DE6-DAFA6ABEFD9E}.Debug|Any CPU.ActiveCfg = Debug|Any CPU
		{F4B90C47-F39E-82D2-7DE6-DAFA6ABEFD9E}.Debug|Any CPU.Build.0 = Debug|Any CPU
		{F4B90C47-F39E-82D2-7DE6-DAFA6ABEFD9E}.Debug|x64.ActiveCfg = Debug|Any CPU
		{F4B90C47-F39E-82D2-7DE6-DAFA6ABEFD9E}.Debug|x64.Build.0 = Debug|Any CPU
		{F4B90C47-F39E-82D2-7DE6-DAFA6ABEFD9E}.Debug|x86.ActiveCfg = Debug|Any CPU
		{F4B90C47-F39E-82D2-7DE6-DAFA6ABEFD9E}.Debug|x86.Build.0 = Debug|Any CPU
		{F4B90C47-F39E-82D2-7DE6-DAFA6ABEFD9E}.Release|Any CPU.ActiveCfg = Release|Any CPU
		{F4B90C47-F39E-82D2-7DE6-DAFA6ABEFD9E}.Release|Any CPU.Build.0 = Release|Any CPU
		{F4B90C47-F39E-82D2-7DE6-DAFA6ABEFD9E}.Release|x64.ActiveCfg = Release|Any CPU
		{F4B90C47-F39E-82D2-7DE6-DAFA6ABEFD9E}.Release|x64.Build.0 = Release|Any CPU
		{F4B90C47-F39E-82D2-7DE6-DAFA6ABEFD9E}.Release|x86.ActiveCfg = Release|Any CPU
		{F4B90C47-F39E-82D2-7DE6-DAFA6ABEFD9E}.Release|x86.Build.0 = Release|Any CPU
		{0C3175C5-D498-1B01-7D3B-509826FB1478}.Debug|Any CPU.ActiveCfg = Debug|Any CPU
		{0C3175C5-D498-1B01-7D3B-509826FB1478}.Debug|Any CPU.Build.0 = Debug|Any CPU
		{0C3175C5-D498-1B01-7D3B-509826FB1478}.Debug|x64.ActiveCfg = Debug|Any CPU
		{0C3175C5-D498-1B01-7D3B-509826FB1478}.Debug|x64.Build.0 = Debug|Any CPU
		{0C3175C5-D498-1B01-7D3B-509826FB1478}.Debug|x86.ActiveCfg = Debug|Any CPU
		{0C3175C5-D498-1B01-7D3B-509826FB1478}.Debug|x86.Build.0 = Debug|Any CPU
		{0C3175C5-D498-1B01-7D3B-509826FB1478}.Release|Any CPU.ActiveCfg = Release|Any CPU
		{0C3175C5-D498-1B01-7D3B-509826FB1478}.Release|Any CPU.Build.0 = Release|Any CPU
		{0C3175C5-D498-1B01-7D3B-509826FB1478}.Release|x64.ActiveCfg = Release|Any CPU
		{0C3175C5-D498-1B01-7D3B-509826FB1478}.Release|x64.Build.0 = Release|Any CPU
		{0C3175C5-D498-1B01-7D3B-509826FB1478}.Release|x86.ActiveCfg = Release|Any CPU
		{0C3175C5-D498-1B01-7D3B-509826FB1478}.Release|x86.Build.0 = Release|Any CPU
		{1D842BB0-E991-2245-913E-450B96471294}.Debug|Any CPU.ActiveCfg = Debug|Any CPU
		{1D842BB0-E991-2245-913E-450B96471294}.Debug|Any CPU.Build.0 = Debug|Any CPU
		{1D842BB0-E991-2245-913E-450B96471294}.Debug|x64.ActiveCfg = Debug|Any CPU
		{1D842BB0-E991-2245-913E-450B96471294}.Debug|x64.Build.0 = Debug|Any CPU
		{1D842BB0-E991-2245-913E-450B96471294}.Debug|x86.ActiveCfg = Debug|Any CPU
		{1D842BB0-E991-2245-913E-450B96471294}.Debug|x86.Build.0 = Debug|Any CPU
		{1D842BB0-E991-2245-913E-450B96471294}.Release|Any CPU.ActiveCfg = Release|Any CPU
		{1D842BB0-E991-2245-913E-450B96471294}.Release|Any CPU.Build.0 = Release|Any CPU
		{1D842BB0-E991-2245-913E-450B96471294}.Release|x64.ActiveCfg = Release|Any CPU
		{1D842BB0-E991-2245-913E-450B96471294}.Release|x64.Build.0 = Release|Any CPU
		{1D842BB0-E991-2245-913E-450B96471294}.Release|x86.ActiveCfg = Release|Any CPU
		{1D842BB0-E991-2245-913E-450B96471294}.Release|x86.Build.0 = Release|Any CPU
		{B4CC024D-7ABD-BBCA-07A7-C3B1F9E2227B}.Debug|Any CPU.ActiveCfg = Debug|Any CPU
		{B4CC024D-7ABD-BBCA-07A7-C3B1F9E2227B}.Debug|Any CPU.Build.0 = Debug|Any CPU
		{B4CC024D-7ABD-BBCA-07A7-C3B1F9E2227B}.Debug|x64.ActiveCfg = Debug|Any CPU
		{B4CC024D-7ABD-BBCA-07A7-C3B1F9E2227B}.Debug|x64.Build.0 = Debug|Any CPU
		{B4CC024D-7ABD-BBCA-07A7-C3B1F9E2227B}.Debug|x86.ActiveCfg = Debug|Any CPU
		{B4CC024D-7ABD-BBCA-07A7-C3B1F9E2227B}.Debug|x86.Build.0 = Debug|Any CPU
		{B4CC024D-7ABD-BBCA-07A7-C3B1F9E2227B}.Release|Any CPU.ActiveCfg = Release|Any CPU
		{B4CC024D-7ABD-BBCA-07A7-C3B1F9E2227B}.Release|Any CPU.Build.0 = Release|Any CPU
		{B4CC024D-7ABD-BBCA-07A7-C3B1F9E2227B}.Release|x64.ActiveCfg = Release|Any CPU
		{B4CC024D-7ABD-BBCA-07A7-C3B1F9E2227B}.Release|x64.Build.0 = Release|Any CPU
		{B4CC024D-7ABD-BBCA-07A7-C3B1F9E2227B}.Release|x86.ActiveCfg = Release|Any CPU
		{B4CC024D-7ABD-BBCA-07A7-C3B1F9E2227B}.Release|x86.Build.0 = Release|Any CPU
		{389CED99-F656-F24D-9DBA-A58E10003AA7}.Debug|Any CPU.ActiveCfg = Debug|Any CPU
		{389CED99-F656-F24D-9DBA-A58E10003AA7}.Debug|Any CPU.Build.0 = Debug|Any CPU
		{389CED99-F656-F24D-9DBA-A58E10003AA7}.Debug|x64.ActiveCfg = Debug|Any CPU
		{389CED99-F656-F24D-9DBA-A58E10003AA7}.Debug|x64.Build.0 = Debug|Any CPU
		{389CED99-F656-F24D-9DBA-A58E10003AA7}.Debug|x86.ActiveCfg = Debug|Any CPU
		{389CED99-F656-F24D-9DBA-A58E10003AA7}.Debug|x86.Build.0 = Debug|Any CPU
		{389CED99-F656-F24D-9DBA-A58E10003AA7}.Release|Any CPU.ActiveCfg = Release|Any CPU
		{389CED99-F656-F24D-9DBA-A58E10003AA7}.Release|Any CPU.Build.0 = Release|Any CPU
		{389CED99-F656-F24D-9DBA-A58E10003AA7}.Release|x64.ActiveCfg = Release|Any CPU
		{389CED99-F656-F24D-9DBA-A58E10003AA7}.Release|x64.Build.0 = Release|Any CPU
		{389CED99-F656-F24D-9DBA-A58E10003AA7}.Release|x86.ActiveCfg = Release|Any CPU
		{389CED99-F656-F24D-9DBA-A58E10003AA7}.Release|x86.Build.0 = Release|Any CPU
		{C7069751-7799-7C8F-E5FA-CA9FA596D447}.Debug|Any CPU.ActiveCfg = Debug|Any CPU
		{C7069751-7799-7C8F-E5FA-CA9FA596D447}.Debug|Any CPU.Build.0 = Debug|Any CPU
		{C7069751-7799-7C8F-E5FA-CA9FA596D447}.Debug|x64.ActiveCfg = Debug|Any CPU
		{C7069751-7799-7C8F-E5FA-CA9FA596D447}.Debug|x64.Build.0 = Debug|Any CPU
		{C7069751-7799-7C8F-E5FA-CA9FA596D447}.Debug|x86.ActiveCfg = Debug|Any CPU
		{C7069751-7799-7C8F-E5FA-CA9FA596D447}.Debug|x86.Build.0 = Debug|Any CPU
		{C7069751-7799-7C8F-E5FA-CA9FA596D447}.Release|Any CPU.ActiveCfg = Release|Any CPU
		{C7069751-7799-7C8F-E5FA-CA9FA596D447}.Release|Any CPU.Build.0 = Release|Any CPU
		{C7069751-7799-7C8F-E5FA-CA9FA596D447}.Release|x64.ActiveCfg = Release|Any CPU
		{C7069751-7799-7C8F-E5FA-CA9FA596D447}.Release|x64.Build.0 = Release|Any CPU
		{C7069751-7799-7C8F-E5FA-CA9FA596D447}.Release|x86.ActiveCfg = Release|Any CPU
		{C7069751-7799-7C8F-E5FA-CA9FA596D447}.Release|x86.Build.0 = Release|Any CPU
		{A69DB7ED-4A24-8081-4486-1960C0BC2099}.Debug|Any CPU.ActiveCfg = Debug|Any CPU
		{A69DB7ED-4A24-8081-4486-1960C0BC2099}.Debug|Any CPU.Build.0 = Debug|Any CPU
		{A69DB7ED-4A24-8081-4486-1960C0BC2099}.Debug|x64.ActiveCfg = Debug|Any CPU
		{A69DB7ED-4A24-8081-4486-1960C0BC2099}.Debug|x64.Build.0 = Debug|Any CPU
		{A69DB7ED-4A24-8081-4486-1960C0BC2099}.Debug|x86.ActiveCfg = Debug|Any CPU
		{A69DB7ED-4A24-8081-4486-1960C0BC2099}.Debug|x86.Build.0 = Debug|Any CPU
		{A69DB7ED-4A24-8081-4486-1960C0BC2099}.Release|Any CPU.ActiveCfg = Release|Any CPU
		{A69DB7ED-4A24-8081-4486-1960C0BC2099}.Release|Any CPU.Build.0 = Release|Any CPU
		{A69DB7ED-4A24-8081-4486-1960C0BC2099}.Release|x64.ActiveCfg = Release|Any CPU
		{A69DB7ED-4A24-8081-4486-1960C0BC2099}.Release|x64.Build.0 = Release|Any CPU
		{A69DB7ED-4A24-8081-4486-1960C0BC2099}.Release|x86.ActiveCfg = Release|Any CPU
		{A69DB7ED-4A24-8081-4486-1960C0BC2099}.Release|x86.Build.0 = Release|Any CPU
		{87E1E7C2-D8D0-A747-C0CA-1E3E7590BB2D}.Debug|Any CPU.ActiveCfg = Debug|Any CPU
		{87E1E7C2-D8D0-A747-C0CA-1E3E7590BB2D}.Debug|Any CPU.Build.0 = Debug|Any CPU
		{87E1E7C2-D8D0-A747-C0CA-1E3E7590BB2D}.Debug|x64.ActiveCfg = Debug|Any CPU
		{87E1E7C2-D8D0-A747-C0CA-1E3E7590BB2D}.Debug|x64.Build.0 = Debug|Any CPU
		{87E1E7C2-D8D0-A747-C0CA-1E3E7590BB2D}.Debug|x86.ActiveCfg = Debug|Any CPU
		{87E1E7C2-D8D0-A747-C0CA-1E3E7590BB2D}.Debug|x86.Build.0 = Debug|Any CPU
		{87E1E7C2-D8D0-A747-C0CA-1E3E7590BB2D}.Release|Any CPU.ActiveCfg = Release|Any CPU
		{87E1E7C2-D8D0-A747-C0CA-1E3E7590BB2D}.Release|Any CPU.Build.0 = Release|Any CPU
		{87E1E7C2-D8D0-A747-C0CA-1E3E7590BB2D}.Release|x64.ActiveCfg = Release|Any CPU
		{87E1E7C2-D8D0-A747-C0CA-1E3E7590BB2D}.Release|x64.Build.0 = Release|Any CPU
		{87E1E7C2-D8D0-A747-C0CA-1E3E7590BB2D}.Release|x86.ActiveCfg = Release|Any CPU
		{87E1E7C2-D8D0-A747-C0CA-1E3E7590BB2D}.Release|x86.Build.0 = Release|Any CPU
		{93A2B10C-43A2-93E5-C9BC-697AAAAD514D}.Debug|Any CPU.ActiveCfg = Debug|Any CPU
		{93A2B10C-43A2-93E5-C9BC-697AAAAD514D}.Debug|Any CPU.Build.0 = Debug|Any CPU
		{93A2B10C-43A2-93E5-C9BC-697AAAAD514D}.Debug|x64.ActiveCfg = Debug|Any CPU
		{93A2B10C-43A2-93E5-C9BC-697AAAAD514D}.Debug|x64.Build.0 = Debug|Any CPU
		{93A2B10C-43A2-93E5-C9BC-697AAAAD514D}.Debug|x86.ActiveCfg = Debug|Any CPU
		{93A2B10C-43A2-93E5-C9BC-697AAAAD514D}.Debug|x86.Build.0 = Debug|Any CPU
		{93A2B10C-43A2-93E5-C9BC-697AAAAD514D}.Release|Any CPU.ActiveCfg = Release|Any CPU
		{93A2B10C-43A2-93E5-C9BC-697AAAAD514D}.Release|Any CPU.Build.0 = Release|Any CPU
		{93A2B10C-43A2-93E5-C9BC-697AAAAD514D}.Release|x64.ActiveCfg = Release|Any CPU
		{93A2B10C-43A2-93E5-C9BC-697AAAAD514D}.Release|x64.Build.0 = Release|Any CPU
		{93A2B10C-43A2-93E5-C9BC-697AAAAD514D}.Release|x86.ActiveCfg = Release|Any CPU
		{93A2B10C-43A2-93E5-C9BC-697AAAAD514D}.Release|x86.Build.0 = Release|Any CPU
		{BA5D2DC6-B5C5-74F2-7960-33DAF45AF566}.Debug|Any CPU.ActiveCfg = Debug|Any CPU
		{BA5D2DC6-B5C5-74F2-7960-33DAF45AF566}.Debug|Any CPU.Build.0 = Debug|Any CPU
		{BA5D2DC6-B5C5-74F2-7960-33DAF45AF566}.Debug|x64.ActiveCfg = Debug|Any CPU
		{BA5D2DC6-B5C5-74F2-7960-33DAF45AF566}.Debug|x64.Build.0 = Debug|Any CPU
		{BA5D2DC6-B5C5-74F2-7960-33DAF45AF566}.Debug|x86.ActiveCfg = Debug|Any CPU
		{BA5D2DC6-B5C5-74F2-7960-33DAF45AF566}.Debug|x86.Build.0 = Debug|Any CPU
		{BA5D2DC6-B5C5-74F2-7960-33DAF45AF566}.Release|Any CPU.ActiveCfg = Release|Any CPU
		{BA5D2DC6-B5C5-74F2-7960-33DAF45AF566}.Release|Any CPU.Build.0 = Release|Any CPU
		{BA5D2DC6-B5C5-74F2-7960-33DAF45AF566}.Release|x64.ActiveCfg = Release|Any CPU
		{BA5D2DC6-B5C5-74F2-7960-33DAF45AF566}.Release|x64.Build.0 = Release|Any CPU
		{BA5D2DC6-B5C5-74F2-7960-33DAF45AF566}.Release|x86.ActiveCfg = Release|Any CPU
		{BA5D2DC6-B5C5-74F2-7960-33DAF45AF566}.Release|x86.Build.0 = Release|Any CPU
		{8328F392-24D7-F9A4-DD40-AA35279CC7B6}.Debug|Any CPU.ActiveCfg = Debug|Any CPU
		{8328F392-24D7-F9A4-DD40-AA35279CC7B6}.Debug|Any CPU.Build.0 = Debug|Any CPU
		{8328F392-24D7-F9A4-DD40-AA35279CC7B6}.Debug|x64.ActiveCfg = Debug|Any CPU
		{8328F392-24D7-F9A4-DD40-AA35279CC7B6}.Debug|x64.Build.0 = Debug|Any CPU
		{8328F392-24D7-F9A4-DD40-AA35279CC7B6}.Debug|x86.ActiveCfg = Debug|Any CPU
		{8328F392-24D7-F9A4-DD40-AA35279CC7B6}.Debug|x86.Build.0 = Debug|Any CPU
		{8328F392-24D7-F9A4-DD40-AA35279CC7B6}.Release|Any CPU.ActiveCfg = Release|Any CPU
		{8328F392-24D7-F9A4-DD40-AA35279CC7B6}.Release|Any CPU.Build.0 = Release|Any CPU
		{8328F392-24D7-F9A4-DD40-AA35279CC7B6}.Release|x64.ActiveCfg = Release|Any CPU
		{8328F392-24D7-F9A4-DD40-AA35279CC7B6}.Release|x64.Build.0 = Release|Any CPU
		{8328F392-24D7-F9A4-DD40-AA35279CC7B6}.Release|x86.ActiveCfg = Release|Any CPU
		{8328F392-24D7-F9A4-DD40-AA35279CC7B6}.Release|x86.Build.0 = Release|Any CPU
		{84DF2188-9186-9BEF-D5BF-41F91E8A35E9}.Debug|Any CPU.ActiveCfg = Debug|Any CPU
		{84DF2188-9186-9BEF-D5BF-41F91E8A35E9}.Debug|Any CPU.Build.0 = Debug|Any CPU
		{84DF2188-9186-9BEF-D5BF-41F91E8A35E9}.Debug|x64.ActiveCfg = Debug|Any CPU
		{84DF2188-9186-9BEF-D5BF-41F91E8A35E9}.Debug|x64.Build.0 = Debug|Any CPU
		{84DF2188-9186-9BEF-D5BF-41F91E8A35E9}.Debug|x86.ActiveCfg = Debug|Any CPU
		{84DF2188-9186-9BEF-D5BF-41F91E8A35E9}.Debug|x86.Build.0 = Debug|Any CPU
		{84DF2188-9186-9BEF-D5BF-41F91E8A35E9}.Release|Any CPU.ActiveCfg = Release|Any CPU
		{84DF2188-9186-9BEF-D5BF-41F91E8A35E9}.Release|Any CPU.Build.0 = Release|Any CPU
		{84DF2188-9186-9BEF-D5BF-41F91E8A35E9}.Release|x64.ActiveCfg = Release|Any CPU
		{84DF2188-9186-9BEF-D5BF-41F91E8A35E9}.Release|x64.Build.0 = Release|Any CPU
		{84DF2188-9186-9BEF-D5BF-41F91E8A35E9}.Release|x86.ActiveCfg = Release|Any CPU
		{84DF2188-9186-9BEF-D5BF-41F91E8A35E9}.Release|x86.Build.0 = Release|Any CPU
		{0AF10AC5-97F7-3592-556D-8E0706DE2F83}.Debug|Any CPU.ActiveCfg = Debug|Any CPU
		{0AF10AC5-97F7-3592-556D-8E0706DE2F83}.Debug|Any CPU.Build.0 = Debug|Any CPU
		{0AF10AC5-97F7-3592-556D-8E0706DE2F83}.Debug|x64.ActiveCfg = Debug|Any CPU
		{0AF10AC5-97F7-3592-556D-8E0706DE2F83}.Debug|x64.Build.0 = Debug|Any CPU
		{0AF10AC5-97F7-3592-556D-8E0706DE2F83}.Debug|x86.ActiveCfg = Debug|Any CPU
		{0AF10AC5-97F7-3592-556D-8E0706DE2F83}.Debug|x86.Build.0 = Debug|Any CPU
		{0AF10AC5-97F7-3592-556D-8E0706DE2F83}.Release|Any CPU.ActiveCfg = Release|Any CPU
		{0AF10AC5-97F7-3592-556D-8E0706DE2F83}.Release|Any CPU.Build.0 = Release|Any CPU
		{0AF10AC5-97F7-3592-556D-8E0706DE2F83}.Release|x64.ActiveCfg = Release|Any CPU
		{0AF10AC5-97F7-3592-556D-8E0706DE2F83}.Release|x64.Build.0 = Release|Any CPU
		{0AF10AC5-97F7-3592-556D-8E0706DE2F83}.Release|x86.ActiveCfg = Release|Any CPU
		{0AF10AC5-97F7-3592-556D-8E0706DE2F83}.Release|x86.Build.0 = Release|Any CPU
		{59CF6E7C-8055-2DD1-54B2-B387247DA142}.Debug|Any CPU.ActiveCfg = Debug|Any CPU
		{59CF6E7C-8055-2DD1-54B2-B387247DA142}.Debug|Any CPU.Build.0 = Debug|Any CPU
		{59CF6E7C-8055-2DD1-54B2-B387247DA142}.Debug|x64.ActiveCfg = Debug|Any CPU
		{59CF6E7C-8055-2DD1-54B2-B387247DA142}.Debug|x64.Build.0 = Debug|Any CPU
		{59CF6E7C-8055-2DD1-54B2-B387247DA142}.Debug|x86.ActiveCfg = Debug|Any CPU
		{59CF6E7C-8055-2DD1-54B2-B387247DA142}.Debug|x86.Build.0 = Debug|Any CPU
		{59CF6E7C-8055-2DD1-54B2-B387247DA142}.Release|Any CPU.ActiveCfg = Release|Any CPU
		{59CF6E7C-8055-2DD1-54B2-B387247DA142}.Release|Any CPU.Build.0 = Release|Any CPU
		{59CF6E7C-8055-2DD1-54B2-B387247DA142}.Release|x64.ActiveCfg = Release|Any CPU
		{59CF6E7C-8055-2DD1-54B2-B387247DA142}.Release|x64.Build.0 = Release|Any CPU
		{59CF6E7C-8055-2DD1-54B2-B387247DA142}.Release|x86.ActiveCfg = Release|Any CPU
		{59CF6E7C-8055-2DD1-54B2-B387247DA142}.Release|x86.Build.0 = Release|Any CPU
		{C60DAD55-6F13-3540-1044-E264CDCDA6F9}.Debug|Any CPU.ActiveCfg = Debug|Any CPU
		{C60DAD55-6F13-3540-1044-E264CDCDA6F9}.Debug|Any CPU.Build.0 = Debug|Any CPU
		{C60DAD55-6F13-3540-1044-E264CDCDA6F9}.Debug|x64.ActiveCfg = Debug|Any CPU
		{C60DAD55-6F13-3540-1044-E264CDCDA6F9}.Debug|x64.Build.0 = Debug|Any CPU
		{C60DAD55-6F13-3540-1044-E264CDCDA6F9}.Debug|x86.ActiveCfg = Debug|Any CPU
		{C60DAD55-6F13-3540-1044-E264CDCDA6F9}.Debug|x86.Build.0 = Debug|Any CPU
		{C60DAD55-6F13-3540-1044-E264CDCDA6F9}.Release|Any CPU.ActiveCfg = Release|Any CPU
		{C60DAD55-6F13-3540-1044-E264CDCDA6F9}.Release|Any CPU.Build.0 = Release|Any CPU
		{C60DAD55-6F13-3540-1044-E264CDCDA6F9}.Release|x64.ActiveCfg = Release|Any CPU
		{C60DAD55-6F13-3540-1044-E264CDCDA6F9}.Release|x64.Build.0 = Release|Any CPU
		{C60DAD55-6F13-3540-1044-E264CDCDA6F9}.Release|x86.ActiveCfg = Release|Any CPU
		{C60DAD55-6F13-3540-1044-E264CDCDA6F9}.Release|x86.Build.0 = Release|Any CPU
		{B63DAAAC-8CCB-8567-EC9A-8A1FD9A10A23}.Debug|Any CPU.ActiveCfg = Debug|Any CPU
		{B63DAAAC-8CCB-8567-EC9A-8A1FD9A10A23}.Debug|Any CPU.Build.0 = Debug|Any CPU
		{B63DAAAC-8CCB-8567-EC9A-8A1FD9A10A23}.Debug|x64.ActiveCfg = Debug|Any CPU
		{B63DAAAC-8CCB-8567-EC9A-8A1FD9A10A23}.Debug|x64.Build.0 = Debug|Any CPU
		{B63DAAAC-8CCB-8567-EC9A-8A1FD9A10A23}.Debug|x86.ActiveCfg = Debug|Any CPU
		{B63DAAAC-8CCB-8567-EC9A-8A1FD9A10A23}.Debug|x86.Build.0 = Debug|Any CPU
		{B63DAAAC-8CCB-8567-EC9A-8A1FD9A10A23}.Release|Any CPU.ActiveCfg = Release|Any CPU
		{B63DAAAC-8CCB-8567-EC9A-8A1FD9A10A23}.Release|Any CPU.Build.0 = Release|Any CPU
		{B63DAAAC-8CCB-8567-EC9A-8A1FD9A10A23}.Release|x64.ActiveCfg = Release|Any CPU
		{B63DAAAC-8CCB-8567-EC9A-8A1FD9A10A23}.Release|x64.Build.0 = Release|Any CPU
		{B63DAAAC-8CCB-8567-EC9A-8A1FD9A10A23}.Release|x86.ActiveCfg = Release|Any CPU
		{B63DAAAC-8CCB-8567-EC9A-8A1FD9A10A23}.Release|x86.Build.0 = Release|Any CPU
		{346FD878-A66B-EDE7-5879-B9E691832A7B}.Debug|Any CPU.ActiveCfg = Debug|Any CPU
		{346FD878-A66B-EDE7-5879-B9E691832A7B}.Debug|Any CPU.Build.0 = Debug|Any CPU
		{346FD878-A66B-EDE7-5879-B9E691832A7B}.Debug|x64.ActiveCfg = Debug|Any CPU
		{346FD878-A66B-EDE7-5879-B9E691832A7B}.Debug|x64.Build.0 = Debug|Any CPU
		{346FD878-A66B-EDE7-5879-B9E691832A7B}.Debug|x86.ActiveCfg = Debug|Any CPU
		{346FD878-A66B-EDE7-5879-B9E691832A7B}.Debug|x86.Build.0 = Debug|Any CPU
		{346FD878-A66B-EDE7-5879-B9E691832A7B}.Release|Any CPU.ActiveCfg = Release|Any CPU
		{346FD878-A66B-EDE7-5879-B9E691832A7B}.Release|Any CPU.Build.0 = Release|Any CPU
		{346FD878-A66B-EDE7-5879-B9E691832A7B}.Release|x64.ActiveCfg = Release|Any CPU
		{346FD878-A66B-EDE7-5879-B9E691832A7B}.Release|x64.Build.0 = Release|Any CPU
		{346FD878-A66B-EDE7-5879-B9E691832A7B}.Release|x86.ActiveCfg = Release|Any CPU
		{346FD878-A66B-EDE7-5879-B9E691832A7B}.Release|x86.Build.0 = Release|Any CPU
		{07777CCA-CBB3-2B5C-5824-F9A22797FEA5}.Debug|Any CPU.ActiveCfg = Debug|Any CPU
		{07777CCA-CBB3-2B5C-5824-F9A22797FEA5}.Debug|Any CPU.Build.0 = Debug|Any CPU
		{07777CCA-CBB3-2B5C-5824-F9A22797FEA5}.Debug|x64.ActiveCfg = Debug|Any CPU
		{07777CCA-CBB3-2B5C-5824-F9A22797FEA5}.Debug|x64.Build.0 = Debug|Any CPU
		{07777CCA-CBB3-2B5C-5824-F9A22797FEA5}.Debug|x86.ActiveCfg = Debug|Any CPU
		{07777CCA-CBB3-2B5C-5824-F9A22797FEA5}.Debug|x86.Build.0 = Debug|Any CPU
		{07777CCA-CBB3-2B5C-5824-F9A22797FEA5}.Release|Any CPU.ActiveCfg = Release|Any CPU
		{07777CCA-CBB3-2B5C-5824-F9A22797FEA5}.Release|Any CPU.Build.0 = Release|Any CPU
		{07777CCA-CBB3-2B5C-5824-F9A22797FEA5}.Release|x64.ActiveCfg = Release|Any CPU
		{07777CCA-CBB3-2B5C-5824-F9A22797FEA5}.Release|x64.Build.0 = Release|Any CPU
		{07777CCA-CBB3-2B5C-5824-F9A22797FEA5}.Release|x86.ActiveCfg = Release|Any CPU
		{07777CCA-CBB3-2B5C-5824-F9A22797FEA5}.Release|x86.Build.0 = Release|Any CPU
		{C70049D4-9382-EC65-6EAE-40FCA1103A58}.Debug|Any CPU.ActiveCfg = Debug|Any CPU
		{C70049D4-9382-EC65-6EAE-40FCA1103A58}.Debug|Any CPU.Build.0 = Debug|Any CPU
		{C70049D4-9382-EC65-6EAE-40FCA1103A58}.Debug|x64.ActiveCfg = Debug|Any CPU
		{C70049D4-9382-EC65-6EAE-40FCA1103A58}.Debug|x64.Build.0 = Debug|Any CPU
		{C70049D4-9382-EC65-6EAE-40FCA1103A58}.Debug|x86.ActiveCfg = Debug|Any CPU
		{C70049D4-9382-EC65-6EAE-40FCA1103A58}.Debug|x86.Build.0 = Debug|Any CPU
		{C70049D4-9382-EC65-6EAE-40FCA1103A58}.Release|Any CPU.ActiveCfg = Release|Any CPU
		{C70049D4-9382-EC65-6EAE-40FCA1103A58}.Release|Any CPU.Build.0 = Release|Any CPU
		{C70049D4-9382-EC65-6EAE-40FCA1103A58}.Release|x64.ActiveCfg = Release|Any CPU
		{C70049D4-9382-EC65-6EAE-40FCA1103A58}.Release|x64.Build.0 = Release|Any CPU
		{C70049D4-9382-EC65-6EAE-40FCA1103A58}.Release|x86.ActiveCfg = Release|Any CPU
		{C70049D4-9382-EC65-6EAE-40FCA1103A58}.Release|x86.Build.0 = Release|Any CPU
		{8D0DF87B-8E7A-C3B9-3F34-FCB5614E7F22}.Debug|Any CPU.ActiveCfg = Debug|Any CPU
		{8D0DF87B-8E7A-C3B9-3F34-FCB5614E7F22}.Debug|Any CPU.Build.0 = Debug|Any CPU
		{8D0DF87B-8E7A-C3B9-3F34-FCB5614E7F22}.Debug|x64.ActiveCfg = Debug|Any CPU
		{8D0DF87B-8E7A-C3B9-3F34-FCB5614E7F22}.Debug|x64.Build.0 = Debug|Any CPU
		{8D0DF87B-8E7A-C3B9-3F34-FCB5614E7F22}.Debug|x86.ActiveCfg = Debug|Any CPU
		{8D0DF87B-8E7A-C3B9-3F34-FCB5614E7F22}.Debug|x86.Build.0 = Debug|Any CPU
		{8D0DF87B-8E7A-C3B9-3F34-FCB5614E7F22}.Release|Any CPU.ActiveCfg = Release|Any CPU
		{8D0DF87B-8E7A-C3B9-3F34-FCB5614E7F22}.Release|Any CPU.Build.0 = Release|Any CPU
		{8D0DF87B-8E7A-C3B9-3F34-FCB5614E7F22}.Release|x64.ActiveCfg = Release|Any CPU
		{8D0DF87B-8E7A-C3B9-3F34-FCB5614E7F22}.Release|x64.Build.0 = Release|Any CPU
		{8D0DF87B-8E7A-C3B9-3F34-FCB5614E7F22}.Release|x86.ActiveCfg = Release|Any CPU
		{8D0DF87B-8E7A-C3B9-3F34-FCB5614E7F22}.Release|x86.Build.0 = Release|Any CPU
		{80D207A9-77CF-4EB1-4AB2-85FB2C718620}.Debug|Any CPU.ActiveCfg = Debug|Any CPU
		{80D207A9-77CF-4EB1-4AB2-85FB2C718620}.Debug|Any CPU.Build.0 = Debug|Any CPU
		{80D207A9-77CF-4EB1-4AB2-85FB2C718620}.Debug|x64.ActiveCfg = Debug|Any CPU
		{80D207A9-77CF-4EB1-4AB2-85FB2C718620}.Debug|x64.Build.0 = Debug|Any CPU
		{80D207A9-77CF-4EB1-4AB2-85FB2C718620}.Debug|x86.ActiveCfg = Debug|Any CPU
		{80D207A9-77CF-4EB1-4AB2-85FB2C718620}.Debug|x86.Build.0 = Debug|Any CPU
		{80D207A9-77CF-4EB1-4AB2-85FB2C718620}.Release|Any CPU.ActiveCfg = Release|Any CPU
		{80D207A9-77CF-4EB1-4AB2-85FB2C718620}.Release|Any CPU.Build.0 = Release|Any CPU
		{80D207A9-77CF-4EB1-4AB2-85FB2C718620}.Release|x64.ActiveCfg = Release|Any CPU
		{80D207A9-77CF-4EB1-4AB2-85FB2C718620}.Release|x64.Build.0 = Release|Any CPU
		{80D207A9-77CF-4EB1-4AB2-85FB2C718620}.Release|x86.ActiveCfg = Release|Any CPU
		{80D207A9-77CF-4EB1-4AB2-85FB2C718620}.Release|x86.Build.0 = Release|Any CPU
		{775C333C-9297-353B-9AC3-EBC56F3DB13A}.Debug|Any CPU.ActiveCfg = Debug|Any CPU
		{775C333C-9297-353B-9AC3-EBC56F3DB13A}.Debug|Any CPU.Build.0 = Debug|Any CPU
		{775C333C-9297-353B-9AC3-EBC56F3DB13A}.Debug|x64.ActiveCfg = Debug|Any CPU
		{775C333C-9297-353B-9AC3-EBC56F3DB13A}.Debug|x64.Build.0 = Debug|Any CPU
		{775C333C-9297-353B-9AC3-EBC56F3DB13A}.Debug|x86.ActiveCfg = Debug|Any CPU
		{775C333C-9297-353B-9AC3-EBC56F3DB13A}.Debug|x86.Build.0 = Debug|Any CPU
		{775C333C-9297-353B-9AC3-EBC56F3DB13A}.Release|Any CPU.ActiveCfg = Release|Any CPU
		{775C333C-9297-353B-9AC3-EBC56F3DB13A}.Release|Any CPU.Build.0 = Release|Any CPU
		{775C333C-9297-353B-9AC3-EBC56F3DB13A}.Release|x64.ActiveCfg = Release|Any CPU
		{775C333C-9297-353B-9AC3-EBC56F3DB13A}.Release|x64.Build.0 = Release|Any CPU
		{775C333C-9297-353B-9AC3-EBC56F3DB13A}.Release|x86.ActiveCfg = Release|Any CPU
		{775C333C-9297-353B-9AC3-EBC56F3DB13A}.Release|x86.Build.0 = Release|Any CPU
		{83937357-2B72-805E-702E-FDEE4B7BFA4A}.Debug|Any CPU.ActiveCfg = Debug|Any CPU
		{83937357-2B72-805E-702E-FDEE4B7BFA4A}.Debug|Any CPU.Build.0 = Debug|Any CPU
		{83937357-2B72-805E-702E-FDEE4B7BFA4A}.Debug|x64.ActiveCfg = Debug|Any CPU
		{83937357-2B72-805E-702E-FDEE4B7BFA4A}.Debug|x64.Build.0 = Debug|Any CPU
		{83937357-2B72-805E-702E-FDEE4B7BFA4A}.Debug|x86.ActiveCfg = Debug|Any CPU
		{83937357-2B72-805E-702E-FDEE4B7BFA4A}.Debug|x86.Build.0 = Debug|Any CPU
		{83937357-2B72-805E-702E-FDEE4B7BFA4A}.Release|Any CPU.ActiveCfg = Release|Any CPU
		{83937357-2B72-805E-702E-FDEE4B7BFA4A}.Release|Any CPU.Build.0 = Release|Any CPU
		{83937357-2B72-805E-702E-FDEE4B7BFA4A}.Release|x64.ActiveCfg = Release|Any CPU
		{83937357-2B72-805E-702E-FDEE4B7BFA4A}.Release|x64.Build.0 = Release|Any CPU
		{83937357-2B72-805E-702E-FDEE4B7BFA4A}.Release|x86.ActiveCfg = Release|Any CPU
		{83937357-2B72-805E-702E-FDEE4B7BFA4A}.Release|x86.Build.0 = Release|Any CPU
	EndGlobalSection
	GlobalSection(SolutionProperties) = preSolution
		HideSolutionNode = FALSE
	EndGlobalSection
	GlobalSection(NestedProjects) = preSolution
		{63FD06A0-2790-48A4-B9B0-EAE2FE6F6F29} = {73F0F4CF-D3E2-4EA1-9DB8-5AB03DA30029}
		{02EA681E-C7D8-13C7-8484-4AC65E1B71E8} = {BF8D0A25-F0D3-4462-AEB1-96DE5C3F67D8}
		{80E2AFC1-DB9F-446B-B47D-003B6EA70CE0} = {BF8D0A25-F0D3-4462-AEB1-96DE5C3F67D8}
		{D558C219-A25A-483B-A3E3-7BCDF179920D} = {BF8D0A25-F0D3-4462-AEB1-96DE5C3F67D8}
		{06BBF729-42E1-992A-2508-4B9FCC99AD24} = {80E2AFC1-DB9F-446B-B47D-003B6EA70CE0}
		{AEC6694E-14DB-F09B-E313-21D6961EAA15} = {80E2AFC1-DB9F-446B-B47D-003B6EA70CE0}
		{F4B90C47-F39E-82D2-7DE6-DAFA6ABEFD9E} = {80E2AFC1-DB9F-446B-B47D-003B6EA70CE0}
		{0C3175C5-D498-1B01-7D3B-509826FB1478} = {02EA681E-C7D8-13C7-8484-4AC65E1B71E8}
		{1D842BB0-E991-2245-913E-450B96471294} = {02EA681E-C7D8-13C7-8484-4AC65E1B71E8}
		{B4CC024D-7ABD-BBCA-07A7-C3B1F9E2227B} = {02EA681E-C7D8-13C7-8484-4AC65E1B71E8}
		{389CED99-F656-F24D-9DBA-A58E10003AA7} = {02EA681E-C7D8-13C7-8484-4AC65E1B71E8}
		{C7069751-7799-7C8F-E5FA-CA9FA596D447} = {D558C219-A25A-483B-A3E3-7BCDF179920D}
		{A69DB7ED-4A24-8081-4486-1960C0BC2099} = {D558C219-A25A-483B-A3E3-7BCDF179920D}
		{A47B5D62-C6DB-4607-BAF4-A7EF35A97321} = {BF8D0A25-F0D3-4462-AEB1-96DE5C3F67D8}
		{87E1E7C2-D8D0-A747-C0CA-1E3E7590BB2D} = {A47B5D62-C6DB-4607-BAF4-A7EF35A97321}
		{93A2B10C-43A2-93E5-C9BC-697AAAAD514D} = {A47B5D62-C6DB-4607-BAF4-A7EF35A97321}
		{BA5D2DC6-B5C5-74F2-7960-33DAF45AF566} = {A47B5D62-C6DB-4607-BAF4-A7EF35A97321}
		{8328F392-24D7-F9A4-DD40-AA35279CC7B6} = {A47B5D62-C6DB-4607-BAF4-A7EF35A97321}
		{84DF2188-9186-9BEF-D5BF-41F91E8A35E9} = {A47B5D62-C6DB-4607-BAF4-A7EF35A97321}
		{0AF10AC5-97F7-3592-556D-8E0706DE2F83} = {A47B5D62-C6DB-4607-BAF4-A7EF35A97321}
		{59CF6E7C-8055-2DD1-54B2-B387247DA142} = {A47B5D62-C6DB-4607-BAF4-A7EF35A97321}
		{C60DAD55-6F13-3540-1044-E264CDCDA6F9} = {A47B5D62-C6DB-4607-BAF4-A7EF35A97321}
		{B63DAAAC-8CCB-8567-EC9A-8A1FD9A10A23} = {A47B5D62-C6DB-4607-BAF4-A7EF35A97321}
		{346FD878-A66B-EDE7-5879-B9E691832A7B} = {A47B5D62-C6DB-4607-BAF4-A7EF35A97321}
		{07777CCA-CBB3-2B5C-5824-F9A22797FEA5} = {A47B5D62-C6DB-4607-BAF4-A7EF35A97321}
		{C70049D4-9382-EC65-6EAE-40FCA1103A58} = {A47B5D62-C6DB-4607-BAF4-A7EF35A97321}
		{8D0DF87B-8E7A-C3B9-3F34-FCB5614E7F22} = {A47B5D62-C6DB-4607-BAF4-A7EF35A97321}
		{80D207A9-77CF-4EB1-4AB2-85FB2C718620} = {A47B5D62-C6DB-4607-BAF4-A7EF35A97321}
		{775C333C-9297-353B-9AC3-EBC56F3DB13A} = {A47B5D62-C6DB-4607-BAF4-A7EF35A97321}
		{83937357-2B72-805E-702E-FDEE4B7BFA4A} = {A47B5D62-C6DB-4607-BAF4-A7EF35A97321}
	EndGlobalSection
	GlobalSection(ExtensibilityGlobals) = postSolution
		SolutionGuid = {A8859853-9C96-43CF-9E18-538023141544}
	EndGlobalSection
EndGlobal
