
Microsoft Visual Studio Solution File, Format Version 12.00
# Visual Studio Version 17
VisualStudioVersion = 17.13.35617.110
MinimumVisualStudioVersion = 10.0.40219.1
Project("{2150E333-8FDC-42A3-9474-1A3956D46DE8}") = "src", "src", "{73F0F4CF-D3E2-4EA1-9DB8-5AB03DA30029}"
EndProject
Project("{2150E333-8FDC-42A3-9474-1A3956D46DE8}") = "samples", "samples", "{BF8D0A25-F0D3-4462-AEB1-96DE5C3F67D8}"
EndProject
Project("{FAE04EC0-301F-11D3-BF4B-00C04F79EFBC}") = "Fragile", "src\Fragile\Fragile.csproj", "{63FD06A0-2790-48A4-B9B0-EAE2FE6F6F29}"
EndProject
Project("{FAE04EC0-301F-11D3-BF4B-00C04F79EFBC}") = "Fragile.Samples.Compression", "samples\Fragile.Samples.Compression\Fragile.Samples.Compression.csproj", "{F5B4D8D4-F6BA-225D-8F0E-DABFB78622BE}"
EndProject
Project("{FAE04EC0-301F-11D3-BF4B-00C04F79EFBC}") = "Fragile.Samples.Encryption", "samples\Fragile.Samples.Encryption\Fragile.Samples.Encryption.csproj", "{F315F08E-CF04-DE3D-B0B5-E05066A1B342}"
EndProject
Project("{FAE04EC0-301F-11D3-BF4B-00C04F79EFBC}") = "Fragile.Samples.Verification", "samples\Fragile.Samples.Verification\Fragile.Samples.Verification.csproj", "{3703BB28-F66E-5BF0-2219-94AE12583D65}"
EndProject
Project("{FAE04EC0-301F-11D3-BF4B-00C04F79EFBC}") = "Fragile.Samples.Metadata", "samples\Fragile.Samples.Metadata\Fragile.Samples.Metadata.csproj", "{9A26D1AF-2EF1-1647-E5C6-C6C757F735E7}"
EndProject
Project("{FAE04EC0-301F-11D3-BF4B-00C04F79EFBC}") = "Fragile.Samples.Split", "samples\Fragile.Samples.Split\Fragile.Samples.Split.csproj", "{1F00886E-F319-185B-1142-A4E48F1B1CE1}"
EndProject
Project("{FAE04EC0-301F-11D3-BF4B-00C04F79EFBC}") = "Fragile.Samples.ErrorCorrection", "samples\Fragile.Samples.ErrorCorrection\Fragile.Samples.ErrorCorrection.csproj", "{AA6A7E65-2D06-1B7E-8AAE-54D8FFD20045}"
EndProject
Project("{FAE04EC0-301F-11D3-BF4B-00C04F79EFBC}") = "Fragile.Samples.StreamingAPI", "samples\Fragile.Samples.StreamingAPI\Fragile.Samples.StreamingAPI.csproj", "{52E97DE0-949F-66AA-5521-271B51D3E402}"
EndProject
Global
	GlobalSection(SolutionConfigurationPlatforms) = preSolution
		Debug|Any CPU = Debug|Any CPU
		Debug|x64 = Debug|x64
		Debug|x86 = Debug|x86
		Release|Any CPU = Release|Any CPU
		Release|x64 = Release|x64
		Release|x86 = Release|x86
	EndGlobalSection
	GlobalSection(ProjectConfigurationPlatforms) = postSolution
		{63FD06A0-2790-48A4-B9B0-EAE2FE6F6F29}.Debug|Any CPU.ActiveCfg = Debug|Any CPU
		{63FD06A0-2790-48A4-B9B0-EAE2FE6F6F29}.Debug|Any CPU.Build.0 = Debug|Any CPU
		{63FD06A0-2790-48A4-B9B0-EAE2FE6F6F29}.Debug|x64.ActiveCfg = Debug|Any CPU
		{63FD06A0-2790-48A4-B9B0-EAE2FE6F6F29}.Debug|x64.Build.0 = Debug|Any CPU
		{63FD06A0-2790-48A4-B9B0-EAE2FE6F6F29}.Debug|x86.ActiveCfg = Debug|Any CPU
		{63FD06A0-2790-48A4-B9B0-EAE2FE6F6F29}.Debug|x86.Build.0 = Debug|Any CPU
		{63FD06A0-2790-48A4-B9B0-EAE2FE6F6F29}.Release|Any CPU.ActiveCfg = Release|Any CPU
		{63FD06A0-2790-48A4-B9B0-EAE2FE6F6F29}.Release|Any CPU.Build.0 = Release|Any CPU
		{63FD06A0-2790-48A4-B9B0-EAE2FE6F6F29}.Release|x64.ActiveCfg = Release|Any CPU
		{63FD06A0-2790-48A4-B9B0-EAE2FE6F6F29}.Release|x64.Build.0 = Release|Any CPU
		{63FD06A0-2790-48A4-B9B0-EAE2FE6F6F29}.Release|x86.ActiveCfg = Release|Any CPU
		{63FD06A0-2790-48A4-B9B0-EAE2FE6F6F29}.Release|x86.Build.0 = Release|Any CPU
		{F5B4D8D4-F6BA-225D-8F0E-DABFB78622BE}.Debug|Any CPU.ActiveCfg = Debug|Any CPU
		{F5B4D8D4-F6BA-225D-8F0E-DABFB78622BE}.Debug|Any CPU.Build.0 = Debug|Any CPU
		{F5B4D8D4-F6BA-225D-8F0E-DABFB78622BE}.Debug|x64.ActiveCfg = Debug|Any CPU
		{F5B4D8D4-F6BA-225D-8F0E-DABFB78622BE}.Debug|x64.Build.0 = Debug|Any CPU
		{F5B4D8D4-F6BA-225D-8F0E-DABFB78622BE}.Debug|x86.ActiveCfg = Debug|Any CPU
		{F5B4D8D4-F6BA-225D-8F0E-DABFB78622BE}.Debug|x86.Build.0 = Debug|Any CPU
		{F5B4D8D4-F6BA-225D-8F0E-DABFB78622BE}.Release|Any CPU.ActiveCfg = Release|Any CPU
		{F5B4D8D4-F6BA-225D-8F0E-DABFB78622BE}.Release|Any CPU.Build.0 = Release|Any CPU
		{F5B4D8D4-F6BA-225D-8F0E-DABFB78622BE}.Release|x64.ActiveCfg = Release|Any CPU
		{F5B4D8D4-F6BA-225D-8F0E-DABFB78622BE}.Release|x64.Build.0 = Release|Any CPU
		{F5B4D8D4-F6BA-225D-8F0E-DABFB78622BE}.Release|x86.ActiveCfg = Release|Any CPU
		{F5B4D8D4-F6BA-225D-8F0E-DABFB78622BE}.Release|x86.Build.0 = Release|Any CPU
		{F315F08E-CF04-DE3D-B0B5-E05066A1B342}.Debug|Any CPU.ActiveCfg = Debug|Any CPU
		{F315F08E-CF04-DE3D-B0B5-E05066A1B342}.Debug|Any CPU.Build.0 = Debug|Any CPU
		{F315F08E-CF04-DE3D-B0B5-E05066A1B342}.Debug|x64.ActiveCfg = Debug|Any CPU
		{F315F08E-CF04-DE3D-B0B5-E05066A1B342}.Debug|x64.Build.0 = Debug|Any CPU
		{F315F08E-CF04-DE3D-B0B5-E05066A1B342}.Debug|x86.ActiveCfg = Debug|Any CPU
		{F315F08E-CF04-DE3D-B0B5-E05066A1B342}.Debug|x86.Build.0 = Debug|Any CPU
		{F315F08E-CF04-DE3D-B0B5-E05066A1B342}.Release|Any CPU.ActiveCfg = Release|Any CPU
		{F315F08E-CF04-DE3D-B0B5-E05066A1B342}.Release|Any CPU.Build.0 = Release|Any CPU
		{F315F08E-CF04-DE3D-B0B5-E05066A1B342}.Release|x64.ActiveCfg = Release|Any CPU
		{F315F08E-CF04-DE3D-B0B5-E05066A1B342}.Release|x64.Build.0 = Release|Any CPU
		{F315F08E-CF04-DE3D-B0B5-E05066A1B342}.Release|x86.ActiveCfg = Release|Any CPU
		{F315F08E-CF04-DE3D-B0B5-E05066A1B342}.Release|x86.Build.0 = Release|Any CPU
		{3703BB28-F66E-5BF0-2219-94AE12583D65}.Debug|Any CPU.ActiveCfg = Debug|Any CPU
		{3703BB28-F66E-5BF0-2219-94AE12583D65}.Debug|Any CPU.Build.0 = Debug|Any CPU
		{3703BB28-F66E-5BF0-2219-94AE12583D65}.Debug|x64.ActiveCfg = Debug|Any CPU
		{3703BB28-F66E-5BF0-2219-94AE12583D65}.Debug|x64.Build.0 = Debug|Any CPU
		{3703BB28-F66E-5BF0-2219-94AE12583D65}.Debug|x86.ActiveCfg = Debug|Any CPU
		{3703BB28-F66E-5BF0-2219-94AE12583D65}.Debug|x86.Build.0 = Debug|Any CPU
		{3703BB28-F66E-5BF0-2219-94AE12583D65}.Release|Any CPU.ActiveCfg = Release|Any CPU
		{3703BB28-F66E-5BF0-2219-94AE12583D65}.Release|Any CPU.Build.0 = Release|Any CPU
		{3703BB28-F66E-5BF0-2219-94AE12583D65}.Release|x64.ActiveCfg = Release|Any CPU
		{3703BB28-F66E-5BF0-2219-94AE12583D65}.Release|x64.Build.0 = Release|Any CPU
		{3703BB28-F66E-5BF0-2219-94AE12583D65}.Release|x86.ActiveCfg = Release|Any CPU
		{3703BB28-F66E-5BF0-2219-94AE12583D65}.Release|x86.Build.0 = Release|Any CPU
		{9A26D1AF-2EF1-1647-E5C6-C6C757F735E7}.Debug|Any CPU.ActiveCfg = Debug|Any CPU
		{9A26D1AF-2EF1-1647-E5C6-C6C757F735E7}.Debug|Any CPU.Build.0 = Debug|Any CPU
		{9A26D1AF-2EF1-1647-E5C6-C6C757F735E7}.Debug|x64.ActiveCfg = Debug|Any CPU
		{9A26D1AF-2EF1-1647-E5C6-C6C757F735E7}.Debug|x64.Build.0 = Debug|Any CPU
		{9A26D1AF-2EF1-1647-E5C6-C6C757F735E7}.Debug|x86.ActiveCfg = Debug|Any CPU
		{9A26D1AF-2EF1-1647-E5C6-C6C757F735E7}.Debug|x86.Build.0 = Debug|Any CPU
		{9A26D1AF-2EF1-1647-E5C6-C6C757F735E7}.Release|Any CPU.ActiveCfg = Release|Any CPU
		{9A26D1AF-2EF1-1647-E5C6-C6C757F735E7}.Release|Any CPU.Build.0 = Release|Any CPU
		{9A26D1AF-2EF1-1647-E5C6-C6C757F735E7}.Release|x64.ActiveCfg = Release|Any CPU
		{9A26D1AF-2EF1-1647-E5C6-C6C757F735E7}.Release|x64.Build.0 = Release|Any CPU
		{9A26D1AF-2EF1-1647-E5C6-C6C757F735E7}.Release|x86.ActiveCfg = Release|Any CPU
		{9A26D1AF-2EF1-1647-E5C6-C6C757F735E7}.Release|x86.Build.0 = Release|Any CPU
		{1F00886E-F319-185B-1142-A4E48F1B1CE1}.Debug|Any CPU.ActiveCfg = Debug|Any CPU
		{1F00886E-F319-185B-1142-A4E48F1B1CE1}.Debug|Any CPU.Build.0 = Debug|Any CPU
		{1F00886E-F319-185B-1142-A4E48F1B1CE1}.Debug|x64.ActiveCfg = Debug|Any CPU
		{1F00886E-F319-185B-1142-A4E48F1B1CE1}.Debug|x64.Build.0 = Debug|Any CPU
		{1F00886E-F319-185B-1142-A4E48F1B1CE1}.Debug|x86.ActiveCfg = Debug|Any CPU
		{1F00886E-F319-185B-1142-A4E48F1B1CE1}.Debug|x86.Build.0 = Debug|Any CPU
		{1F00886E-F319-185B-1142-A4E48F1B1CE1}.Release|Any CPU.ActiveCfg = Release|Any CPU
		{1F00886E-F319-185B-1142-A4E48F1B1CE1}.Release|Any CPU.Build.0 = Release|Any CPU
		{1F00886E-F319-185B-1142-A4E48F1B1CE1}.Release|x64.ActiveCfg = Release|Any CPU
		{1F00886E-F319-185B-1142-A4E48F1B1CE1}.Release|x64.Build.0 = Release|Any CPU
		{1F00886E-F319-185B-1142-A4E48F1B1CE1}.Release|x86.ActiveCfg = Release|Any CPU
		{1F00886E-F319-185B-1142-A4E48F1B1CE1}.Release|x86.Build.0 = Release|Any CPU
		{AA6A7E65-2D06-1B7E-8AAE-54D8FFD20045}.Debug|Any CPU.ActiveCfg = Debug|Any CPU
		{AA6A7E65-2D06-1B7E-8AAE-54D8FFD20045}.Debug|Any CPU.Build.0 = Debug|Any CPU
		{AA6A7E65-2D06-1B7E-8AAE-54D8FFD20045}.Debug|x64.ActiveCfg = Debug|Any CPU
		{AA6A7E65-2D06-1B7E-8AAE-54D8FFD20045}.Debug|x64.Build.0 = Debug|Any CPU
		{AA6A7E65-2D06-1B7E-8AAE-54D8FFD20045}.Debug|x86.ActiveCfg = Debug|Any CPU
		{AA6A7E65-2D06-1B7E-8AAE-54D8FFD20045}.Debug|x86.Build.0 = Debug|Any CPU
		{AA6A7E65-2D06-1B7E-8AAE-54D8FFD20045}.Release|Any CPU.ActiveCfg = Release|Any CPU
		{AA6A7E65-2D06-1B7E-8AAE-54D8FFD20045}.Release|Any CPU.Build.0 = Release|Any CPU
		{AA6A7E65-2D06-1B7E-8AAE-54D8FFD20045}.Release|x64.ActiveCfg = Release|Any CPU
		{AA6A7E65-2D06-1B7E-8AAE-54D8FFD20045}.Release|x64.Build.0 = Release|Any CPU
		{AA6A7E65-2D06-1B7E-8AAE-54D8FFD20045}.Release|x86.ActiveCfg = Release|Any CPU
		{AA6A7E65-2D06-1B7E-8AAE-54D8FFD20045}.Release|x86.Build.0 = Release|Any CPU
		{52E97DE0-949F-66AA-5521-271B51D3E402}.Debug|Any CPU.ActiveCfg = Debug|Any CPU
		{52E97DE0-949F-66AA-5521-271B51D3E402}.Debug|Any CPU.Build.0 = Debug|Any CPU
		{52E97DE0-949F-66AA-5521-271B51D3E402}.Debug|x64.ActiveCfg = Debug|Any CPU
		{52E97DE0-949F-66AA-5521-271B51D3E402}.Debug|x64.Build.0 = Debug|Any CPU
		{52E97DE0-949F-66AA-5521-271B51D3E402}.Debug|x86.ActiveCfg = Debug|Any CPU
		{52E97DE0-949F-66AA-5521-271B51D3E402}.Debug|x86.Build.0 = Debug|Any CPU
		{52E97DE0-949F-66AA-5521-271B51D3E402}.Release|Any CPU.ActiveCfg = Release|Any CPU
		{52E97DE0-949F-66AA-5521-271B51D3E402}.Release|Any CPU.Build.0 = Release|Any CPU
		{52E97DE0-949F-66AA-5521-271B51D3E402}.Release|x64.ActiveCfg = Release|Any CPU
		{52E97DE0-949F-66AA-5521-271B51D3E402}.Release|x64.Build.0 = Release|Any CPU
		{52E97DE0-949F-66AA-5521-271B51D3E402}.Release|x86.ActiveCfg = Release|Any CPU
		{52E97DE0-949F-66AA-5521-271B51D3E402}.Release|x86.Build.0 = Release|Any CPU
	EndGlobalSection
	GlobalSection(SolutionProperties) = preSolution
		HideSolutionNode = FALSE
	EndGlobalSection
	GlobalSection(NestedProjects) = preSolution
		{63FD06A0-2790-48A4-B9B0-EAE2FE6F6F29} = {73F0F4CF-D3E2-4EA1-9DB8-5AB03DA30029}
		{F5B4D8D4-F6BA-225D-8F0E-DABFB78622BE} = {BF8D0A25-F0D3-4462-AEB1-96DE5C3F67D8}
		{F315F08E-CF04-DE3D-B0B5-E05066A1B342} = {BF8D0A25-F0D3-4462-AEB1-96DE5C3F67D8}
		{3703BB28-F66E-5BF0-2219-94AE12583D65} = {BF8D0A25-F0D3-4462-AEB1-96DE5C3F67D8}
		{9A26D1AF-2EF1-1647-E5C6-C6C757F735E7} = {BF8D0A25-F0D3-4462-AEB1-96DE5C3F67D8}
		{1F00886E-F319-185B-1142-A4E48F1B1CE1} = {BF8D0A25-F0D3-4462-AEB1-96DE5C3F67D8}
		{AA6A7E65-2D06-1B7E-8AAE-54D8FFD20045} = {BF8D0A25-F0D3-4462-AEB1-96DE5C3F67D8}
		{52E97DE0-949F-66AA-5521-271B51D3E402} = {BF8D0A25-F0D3-4462-AEB1-96DE5C3F67D8}
	EndGlobalSection
	GlobalSection(ExtensibilityGlobals) = postSolution
		SolutionGuid = {A8859853-9C96-43CF-9E18-538023141544}
	EndGlobalSection
EndGlobal
